
Microsoft Visual Studio Solution File, Format Version 12.00
# Visual Studio Version 17
VisualStudioVersion = 17.14.36310.24
MinimumVisualStudioVersion = 10.0.40219.1
Project("{FAE04EC0-301F-11D3-BF4B-00C04F79EFBC}") = "Lesson_2", "Lesson_2\Lesson_2.csproj", "{9696BA69-A4A0-467B-8B7B-5A73840C64D0}"
EndProject
Project("{FAE04EC0-301F-11D3-BF4B-00C04F79EFBC}") = "Lesson_3", "Lesson_3\Lesson_3.csproj", "{49EA7442-38B5-42D2-84B7-B8C16CCC0568}"
EndProject
Project("{FAE04EC0-301F-11D3-BF4B-00C04F79EFBC}") = "Quiz", "Quiz\Quiz.csproj", "{A17BB505-5F65-4F5C-9CB0-C6B397848109}"
EndProject
Global
	GlobalSection(SolutionConfigurationPlatforms) = preSolution
		Debug|Any CPU = Debug|Any CPU
		Release|Any CPU = Release|Any CPU
	EndGlobalSection
	GlobalSection(ProjectConfigurationPlatforms) = postSolution
		{9696BA69-A4A0-467B-8B7B-5A73840C64D0}.Debug|Any CPU.ActiveCfg = Debug|Any CPU
		{9696BA69-A4A0-467B-8B7B-5A73840C64D0}.Debug|Any CPU.Build.0 = Debug|Any CPU
		{9696BA69-A4A0-467B-8B7B-5A73840C64D0}.Release|Any CPU.ActiveCfg = Release|Any CPU
		{9696BA69-A4A0-467B-8B7B-5A73840C64D0}.Release|Any CPU.Build.0 = Release|Any CPU
		{49EA7442-38B5-42D2-84B7-B8C16CCC0568}.Debug|Any CPU.ActiveCfg = Debug|Any CPU
		{49EA7442-38B5-42D2-84B7-B8C16CCC0568}.Debug|Any CPU.Build.0 = Debug|Any CPU
		{49EA7442-38B5-42D2-84B7-B8C16CCC0568}.Release|Any CPU.ActiveCfg = Release|Any CPU
		{49EA7442-38B5-42D2-84B7-B8C16CCC0568}.Release|Any CPU.Build.0 = Release|Any CPU
		{A17BB505-5F65-4F5C-9CB0-C6B397848109}.Debug|Any CPU.ActiveCfg = Debug|Any CPU
		{A17BB505-5F65-4F5C-9CB0-C6B397848109}.Debug|Any CPU.Build.0 = Debug|Any CPU
		{A17BB505-5F65-4F5C-9CB0-C6B397848109}.Release|Any CPU.ActiveCfg = Release|Any CPU
		{A17BB505-5F65-4F5C-9CB0-C6B397848109}.Release|Any CPU.Build.0 = Release|Any CPU
	EndGlobalSection
	GlobalSection(SolutionProperties) = preSolution
		HideSolutionNode = FALSE
	EndGlobalSection
	GlobalSection(ExtensibilityGlobals) = postSolution
		SolutionGuid = {3DA89CE5-027B-4508-BF46-69996AF208B0}
	EndGlobalSection
EndGlobal
